
Microsoft Visual Studio Solution File, Format Version 12.00
# Visual Studio 15
VisualStudioVersion = 15.0.27130.2010
MinimumVisualStudioVersion = 10.0.40219.1
Project("{FAE04EC0-301F-11D3-BF4B-00C04F79EFBC}") = "WebApiV1", "WebApiV1\WebApiV1.csproj", "{B820A261-0037-4A64-A553-DD87D48D9042}"
EndProject
Project("{FAE04EC0-301F-11D3-BF4B-00C04F79EFBC}") = "WebApiV1.Infra", "WebApiV1.Infra\WebApiV1.Infra.csproj", "{52478BFE-0F5B-47E8-8053-F7460D0E3F21}"
EndProject
Global
	GlobalSection(SolutionConfigurationPlatforms) = preSolution
		Debug|Any CPU = Debug|Any CPU
		Release|Any CPU = Release|Any CPU
	EndGlobalSection
	GlobalSection(ProjectConfigurationPlatforms) = postSolution
		{B820A261-0037-4A64-A553-DD87D48D9042}.Debug|Any CPU.ActiveCfg = Debug|Any CPU
		{B820A261-0037-4A64-A553-DD87D48D9042}.Debug|Any CPU.Build.0 = Debug|Any CPU
		{B820A261-0037-4A64-A553-DD87D48D9042}.Release|Any CPU.ActiveCfg = Release|Any CPU
		{B820A261-0037-4A64-A553-DD87D48D9042}.Release|Any CPU.Build.0 = Release|Any CPU
		{52478BFE-0F5B-47E8-8053-F7460D0E3F21}.Debug|Any CPU.ActiveCfg = Debug|Any CPU
		{52478BFE-0F5B-47E8-8053-F7460D0E3F21}.Debug|Any CPU.Build.0 = Debug|Any CPU
		{52478BFE-0F5B-47E8-8053-F7460D0E3F21}.Release|Any CPU.ActiveCfg = Release|Any CPU
		{52478BFE-0F5B-47E8-8053-F7460D0E3F21}.Release|Any CPU.Build.0 = Release|Any CPU
	EndGlobalSection
	GlobalSection(SolutionProperties) = preSolution
		HideSolutionNode = FALSE
	EndGlobalSection
	GlobalSection(ExtensibilityGlobals) = postSolution
		SolutionGuid = {F48702A9-A23F-4B81-A9F4-0C908384B85D}
	EndGlobalSection
EndGlobal
